version = 1
revision = 3
requires-python = ">=3.12"

[[package]]
name = "micropython-esp32-stubs"
version = "1.26.0.post1"
source = { registry = "https://pypi.org/simple" }
dependencies = [
    { name = "micropython-stdlib-stubs" },
]
sdist = { url = "https://files.pythonhosted.org/packages/52/2f/813b78049ed7fd84eea457fb66d21420e68790300d5e86418d59b93f4103/micropython_esp32_stubs-1.26.0.post1.tar.gz", hash = "sha256:e4f31edb2b4a9a6b152adce8115f8256937ee97601c386d499aff369a3a78fe5", size = 94356, upload-time = "2025-09-01T21:41:57.617Z" }
wheels = [
    { url = "https://files.pythonhosted.org/packages/0d/f7/d44a28971ed7c21de417b31a056c44e3cae34c0bd4bd5da7aa2d1381cc85/micropython_esp32_stubs-1.26.0.post1-py2.py3-none-any.whl", hash = "sha256:930349d4711e4727c5fcb0062d86a59246a1b616bdb66a033dd1db3410d43029", size = 120420, upload-time = "2025-09-01T21:41:56.118Z" },
]

[[package]]
name = "micropython-stdlib-stubs"
version = "1.26.0.post3"
source = { registry = "https://pypi.org/simple" }
wheels = [
    { url = "https://files.pythonhosted.org/packages/4f/2e/38a03713acf949c571e54de7c64fb48a519521c4ff0c1645d5213316637e/micropython_stdlib_stubs-1.26.0.post3-py3-none-any.whl", hash = "sha256:98a35a1faffeca605a0d38988dd0d98a117c32193db758436c87a08ca278339d", size = 147944, upload-time = "2025-09-01T21:07:57.11Z" },
]

[[package]]
name = "zty-01"
version = "0.1.0"
source = { virtual = "." }
dependencies = [
    { name = "micropython-esp32-stubs" },
]

[package.metadata]
requires-dist = [{ name = "micropython-esp32-stubs", specifier = ">=1.26.0.post1" }]
